
Microsoft Visual Studio Solution File, Format Version 12.00
# Visual Studio 2013
VisualStudioVersion = 12.0.21005.1
MinimumVisualStudioVersion = 10.0.40219.1
Project("{B1E792BE-AA5F-4E3C-8C82-674BF9C0715B}") = "TwinRobot", "TwinRobot\TwinRobot.tsproj", "{B00FEF78-494B-4419-8C4A-4AC3FF8E3CF8}"
EndProject
Global
	GlobalSection(SolutionConfigurationPlatforms) = preSolution
		Debug|TwinCAT CE7 (ARMV7) = Debug|TwinCAT CE7 (ARMV7)
		Debug|TwinCAT RT (x64) = Debug|TwinCAT RT (x64)
		Debug|TwinCAT RT (x86) = Debug|TwinCAT RT (x86)
		Debug|TwinCAT UM (x64) = Debug|TwinCAT UM (x64)
		Debug|TwinCAT UM (x86) = Debug|TwinCAT UM (x86)
		Release|TwinCAT CE7 (ARMV7) = Release|TwinCAT CE7 (ARMV7)
		Release|TwinCAT RT (x64) = Release|TwinCAT RT (x64)
		Release|TwinCAT RT (x86) = Release|TwinCAT RT (x86)
		Release|TwinCAT UM (x64) = Release|TwinCAT UM (x64)
		Release|TwinCAT UM (x86) = Release|TwinCAT UM (x86)
	EndGlobalSection
	GlobalSection(ProjectConfigurationPlatforms) = postSolution
		{B00FEF78-494B-4419-8C4A-4AC3FF8E3CF8}.Debug|TwinCAT CE7 (ARMV7).ActiveCfg = Debug|TwinCAT CE7 (ARMV7)
		{B00FEF78-494B-4419-8C4A-4AC3FF8E3CF8}.Debug|TwinCAT CE7 (ARMV7).Build.0 = Debug|TwinCAT CE7 (ARMV7)
		{B00FEF78-494B-4419-8C4A-4AC3FF8E3CF8}.Debug|TwinCAT RT (x64).ActiveCfg = Debug|TwinCAT RT (x64)
		{B00FEF78-494B-4419-8C4A-4AC3FF8E3CF8}.Debug|TwinCAT RT (x64).Build.0 = Debug|TwinCAT RT (x64)
		{B00FEF78-494B-4419-8C4A-4AC3FF8E3CF8}.Debug|TwinCAT RT (x86).ActiveCfg = Debug|TwinCAT RT (x86)
		{B00FEF78-494B-4419-8C4A-4AC3FF8E3CF8}.Debug|TwinCAT RT (x86).Build.0 = Debug|TwinCAT RT (x86)
		{B00FEF78-494B-4419-8C4A-4AC3FF8E3CF8}.Debug|TwinCAT UM (x64).ActiveCfg = Debug|TwinCAT CE7 (ARMV7)
		{B00FEF78-494B-4419-8C4A-4AC3FF8E3CF8}.Debug|TwinCAT UM (x86).ActiveCfg = Debug|TwinCAT CE7 (ARMV7)
		{B00FEF78-494B-4419-8C4A-4AC3FF8E3CF8}.Release|TwinCAT CE7 (ARMV7).ActiveCfg = Release|TwinCAT CE7 (ARMV7)
		{B00FEF78-494B-4419-8C4A-4AC3FF8E3CF8}.Release|TwinCAT CE7 (ARMV7).Build.0 = Release|TwinCAT CE7 (ARMV7)
		{B00FEF78-494B-4419-8C4A-4AC3FF8E3CF8}.Release|TwinCAT RT (x64).ActiveCfg = Release|TwinCAT RT (x64)
		{B00FEF78-494B-4419-8C4A-4AC3FF8E3CF8}.Release|TwinCAT RT (x64).Build.0 = Release|TwinCAT RT (x64)
		{B00FEF78-494B-4419-8C4A-4AC3FF8E3CF8}.Release|TwinCAT RT (x86).ActiveCfg = Release|TwinCAT RT (x86)
		{B00FEF78-494B-4419-8C4A-4AC3FF8E3CF8}.Release|TwinCAT RT (x86).Build.0 = Release|TwinCAT RT (x86)
		{B00FEF78-494B-4419-8C4A-4AC3FF8E3CF8}.Release|TwinCAT UM (x64).ActiveCfg = Release|TwinCAT CE7 (ARMV7)
		{B00FEF78-494B-4419-8C4A-4AC3FF8E3CF8}.Release|TwinCAT UM (x86).ActiveCfg = Release|TwinCAT CE7 (ARMV7)
		{9FBBE3A3-DA7C-4098-9428-273B0771180E}.Debug|TwinCAT CE7 (ARMV7).ActiveCfg = Debug|TwinCAT RT (x64)
		{9FBBE3A3-DA7C-4098-9428-273B0771180E}.Debug|TwinCAT RT (x64).ActiveCfg = Debug|TwinCAT RT (x64)
		{9FBBE3A3-DA7C-4098-9428-273B0771180E}.Debug|TwinCAT RT (x64).Build.0 = Debug|TwinCAT RT (x64)
		{9FBBE3A3-DA7C-4098-9428-273B0771180E}.Debug|TwinCAT RT (x86).ActiveCfg = Debug|TwinCAT RT (x86)
		{9FBBE3A3-DA7C-4098-9428-273B0771180E}.Debug|TwinCAT RT (x86).Build.0 = Debug|TwinCAT RT (x86)
		{9FBBE3A3-DA7C-4098-9428-273B0771180E}.Debug|TwinCAT UM (x64).ActiveCfg = Debug|TwinCAT UM (x64)
		{9FBBE3A3-DA7C-4098-9428-273B0771180E}.Debug|TwinCAT UM (x64).Build.0 = Debug|TwinCAT UM (x64)
		{9FBBE3A3-DA7C-4098-9428-273B0771180E}.Debug|TwinCAT UM (x86).ActiveCfg = Debug|TwinCAT UM (x86)
		{9FBBE3A3-DA7C-4098-9428-273B0771180E}.Debug|TwinCAT UM (x86).Build.0 = Debug|TwinCAT UM (x86)
		{9FBBE3A3-DA7C-4098-9428-273B0771180E}.Release|TwinCAT CE7 (ARMV7).ActiveCfg = Release|TwinCAT RT (x64)
		{9FBBE3A3-DA7C-4098-9428-273B0771180E}.Release|TwinCAT RT (x64).ActiveCfg = Release|TwinCAT RT (x64)
		{9FBBE3A3-DA7C-4098-9428-273B0771180E}.Release|TwinCAT RT (x64).Build.0 = Release|TwinCAT RT (x64)
		{9FBBE3A3-DA7C-4098-9428-273B0771180E}.Release|TwinCAT RT (x86).ActiveCfg = Release|TwinCAT RT (x86)
		{9FBBE3A3-DA7C-4098-9428-273B0771180E}.Release|TwinCAT RT (x86).Build.0 = Release|TwinCAT RT (x86)
		{9FBBE3A3-DA7C-4098-9428-273B0771180E}.Release|TwinCAT UM (x64).ActiveCfg = Release|TwinCAT UM (x64)
		{9FBBE3A3-DA7C-4098-9428-273B0771180E}.Release|TwinCAT UM (x64).Build.0 = Release|TwinCAT UM (x64)
		{9FBBE3A3-DA7C-4098-9428-273B0771180E}.Release|TwinCAT UM (x86).ActiveCfg = Release|TwinCAT UM (x86)
		{9FBBE3A3-DA7C-4098-9428-273B0771180E}.Release|TwinCAT UM (x86).Build.0 = Release|TwinCAT UM (x86)
	EndGlobalSection
	GlobalSection(SolutionProperties) = preSolution
		HideSolutionNode = FALSE
	EndGlobalSection
EndGlobal
